
Microsoft Visual Studio Solution File, Format Version 12.00
# Visual Studio 15
VisualStudioVersion = 15.0.27004.2005
MinimumVisualStudioVersion = 10.0.40219.1
Project("{9A19103F-16F7-4668-BE54-9A1E7A4F7556}") = "MyFinance", "MyFinance\MyFinance.csproj", "{DBCCADEC-8E1F-4E7E-A8E2-3BAF9AC655C6}"
EndProject
Project("{FAE04EC0-301F-11D3-BF4B-00C04F79EFBC}") = "ProjetoTeste", "ProjetoTeste\ProjetoTeste.csproj", "{9FB46164-29CC-4378-84AA-E6E6E2FC2F2D}"
EndProject
Global
	GlobalSection(SolutionConfigurationPlatforms) = preSolution
		Debug|Any CPU = Debug|Any CPU
		Release|Any CPU = Release|Any CPU
	EndGlobalSection
	GlobalSection(ProjectConfigurationPlatforms) = postSolution
		{DBCCADEC-8E1F-4E7E-A8E2-3BAF9AC655C6}.Debug|Any CPU.ActiveCfg = Debug|Any CPU
		{DBCCADEC-8E1F-4E7E-A8E2-3BAF9AC655C6}.Debug|Any CPU.Build.0 = Debug|Any CPU
		{DBCCADEC-8E1F-4E7E-A8E2-3BAF9AC655C6}.Release|Any CPU.ActiveCfg = Release|Any CPU
		{DBCCADEC-8E1F-4E7E-A8E2-3BAF9AC655C6}.Release|Any CPU.Build.0 = Release|Any CPU
		{9FB46164-29CC-4378-84AA-E6E6E2FC2F2D}.Debug|Any CPU.ActiveCfg = Debug|Any CPU
		{9FB46164-29CC-4378-84AA-E6E6E2FC2F2D}.Debug|Any CPU.Build.0 = Debug|Any CPU
		{9FB46164-29CC-4378-84AA-E6E6E2FC2F2D}.Release|Any CPU.ActiveCfg = Release|Any CPU
		{9FB46164-29CC-4378-84AA-E6E6E2FC2F2D}.Release|Any CPU.Build.0 = Release|Any CPU
	EndGlobalSection
	GlobalSection(SolutionProperties) = preSolution
		HideSolutionNode = FALSE
	EndGlobalSection
	GlobalSection(ExtensibilityGlobals) = postSolution
		SolutionGuid = {5A8E7122-DDEF-4162-92C1-BA1E1B6287C5}
	EndGlobalSection
EndGlobal
